
Microsoft Visual Studio Solution File, Format Version 12.00
# Visual Studio Version 16
VisualStudioVersion = 16.0.29728.190
MinimumVisualStudioVersion = 10.0.40219.1
Project("{9A19103F-16F7-4668-BE54-9A1E7A4F7556}") = "Pruebamodificarpersonas", "Pruebamodificarpersonas\Pruebamodificarpersonas.csproj", "{8F29A0F3-A1B8-4A7F-9237-43F9C42E2492}"
EndProject
Global
	GlobalSection(SolutionConfigurationPlatforms) = preSolution
		Debug|Any CPU = Debug|Any CPU
		Release|Any CPU = Release|Any CPU
	EndGlobalSection
	GlobalSection(ProjectConfigurationPlatforms) = postSolution
		{8F29A0F3-A1B8-4A7F-9237-43F9C42E2492}.Debug|Any CPU.ActiveCfg = Debug|Any CPU
		{8F29A0F3-A1B8-4A7F-9237-43F9C42E2492}.Debug|Any CPU.Build.0 = Debug|Any CPU
		{8F29A0F3-A1B8-4A7F-9237-43F9C42E2492}.Release|Any CPU.ActiveCfg = Release|Any CPU
		{8F29A0F3-A1B8-4A7F-9237-43F9C42E2492}.Release|Any CPU.Build.0 = Release|Any CPU
	EndGlobalSection
	GlobalSection(SolutionProperties) = preSolution
		HideSolutionNode = FALSE
	EndGlobalSection
	GlobalSection(ExtensibilityGlobals) = postSolution
		SolutionGuid = {91D6835A-81C0-468E-8891-6240E910AA81}
	EndGlobalSection
EndGlobal
